<?xml version="1.0" encoding="utf-8"?>
<Project ToolsVersion="4.0" xmlns="http://schemas.microsoft.com/developer/msbuild/2003">
  <ItemGroup>
    <Filter Include="win32">
      <UniqueIdentifier>{84a8ebd7-7cf0-47f6-b75e-d441df67da40}</UniqueIdentifier>
    </Filter>
    <Filter Include="resource">
      <UniqueIdentifier>{715254bc-d70b-4ec5-bf29-467dd3ace079}</UniqueIdentifier>
    </Filter>
    <Filter Include="src">
      <UniqueIdentifier>{bb6c862e-70e9-49d9-81b7-3829a6f50471}</UniqueIdentifier>
    </Filter>
    <Filter Include="src\Network">
      <UniqueIdentifier>{7663a058-3c99-4089-b588-1e23feb69ff6}</UniqueIdentifier>
    </Filter>
    <Filter Include="src\Menu">
      <UniqueIdentifier>{601ac072-d3bc-4885-96d2-debf7eacc54a}</UniqueIdentifier>
    </Filter>
    <Filter Include="src\GameObject">
      <UniqueIdentifier>{795bcdd9-4383-49a0-a79b-7c0f9f6f7d36}</UniqueIdentifier>
    </Filter>
    <Filter Include="src\Editor">
      <UniqueIdentifier>{1ef1419b-f8c0-49f3-b3cc-6dd9cd81e0aa}</UniqueIdentifier>
    </Filter>
    <Filter Include="src\GameMode">
      <UniqueIdentifier>{6d069b7d-c470-4b11-a223-aff175f3aa67}</UniqueIdentifier>
    </Filter>
    <Filter Include="src\Scripts">
      <UniqueIdentifier>{b1ba0b04-19b0-4ad9-b9e7-d44f56d945a4}</UniqueIdentifier>
    </Filter>
  </ItemGroup>
  <ItemGroup>
    <ClCompile Include="main.cpp">
      <Filter>win32</Filter>
    </ClCompile>
    <ClCompile Include="..\Classes\AppDelegate.cpp">
      <Filter>src</Filter>
    </ClCompile>
    <ClCompile Include="..\Classes\GameSystem.cpp">
      <Filter>src</Filter>
    </ClCompile>
    <ClCompile Include="..\Classes\Parameters.cpp">
      <Filter>src</Filter>
    </ClCompile>
    <ClCompile Include="..\Classes\Physics.cpp">
      <Filter>src</Filter>
    </ClCompile>
    <ClCompile Include="..\Classes\Input.cpp">
      <Filter>src</Filter>
    </ClCompile>
    <ClCompile Include="..\Classes\LevelScene.cpp">
      <Filter>src</Filter>
    </ClCompile>
    <ClCompile Include="..\Classes\DebugDrawer.cpp">
      <Filter>src</Filter>
    </ClCompile>
    <ClCompile Include="..\Classes\NetMessage.cpp">
      <Filter>src\Network</Filter>
    </ClCompile>
    <ClCompile Include="..\Classes\NetworkManager.cpp">
      <Filter>src\Network</Filter>
    </ClCompile>
    <ClCompile Include="..\Classes\ServerBrowser.cpp">
      <Filter>src\Menu</Filter>
    </ClCompile>
    <ClCompile Include="..\Classes\MenuBase.cpp">
      <Filter>src\Menu</Filter>
    </ClCompile>
    <ClCompile Include="..\Classes\Character.cpp">
      <Filter>src\GameObject</Filter>
    </ClCompile>
    <ClCompile Include="..\Classes\Collider.cpp">
      <Filter>src\GameObject</Filter>
    </ClCompile>
    <ClCompile Include="..\Classes\GameObject.cpp">
      <Filter>src\GameObject</Filter>
    </ClCompile>
    <ClCompile Include="..\Classes\GameObjectFactory.cpp">
      <Filter>src\GameObject</Filter>
    </ClCompile>
    <ClCompile Include="..\Classes\Player.cpp">
      <Filter>src\GameObject</Filter>
    </ClCompile>
    <ClCompile Include="..\Classes\SearchLanHost.cpp">
      <Filter>src\Network</Filter>
    </ClCompile>
    <ClCompile Include="..\Classes\SnapShot.cpp">
      <Filter>src\Network</Filter>
    </ClCompile>
    <ClCompile Include="..\Classes\Editor.cpp">
      <Filter>src\Editor</Filter>
    </ClCompile>
    <ClCompile Include="..\Classes\EditorObjects.cpp">
      <Filter>src\Editor</Filter>
    </ClCompile>
    <ClCompile Include="..\Classes\EditorMenus.cpp">
      <Filter>src\Editor</Filter>
    </ClCompile>
    <ClCompile Include="..\Classes\StartServerMenu.cpp">
      <Filter>src\Menu</Filter>
    </ClCompile>
    <ClCompile Include="..\Classes\MainMenu.cpp">
      <Filter>src\Menu</Filter>
    </ClCompile>
    <ClCompile Include="..\Classes\SnapshotManager.cpp">
      <Filter>src\Network</Filter>
    </ClCompile>
    <ClCompile Include="..\Classes\VariableDeltaManager.cpp">
      <Filter>src\Network</Filter>
    </ClCompile>
    <ClCompile Include="..\Classes\CrayonRenderer.cpp">
      <Filter>src</Filter>
    </ClCompile>
    <ClCompile Include="..\Classes\GameMode.cpp">
      <Filter>src\GameMode</Filter>
    </ClCompile>
    <ClCompile Include="..\Classes\VolleyMode.cpp">
      <Filter>src\GameMode</Filter>
    </ClCompile>
    <ClCompile Include="..\Classes\Ball.cpp">
      <Filter>src\GameObject</Filter>
    </ClCompile>
    <ClCompile Include="..\Classes\PlayerStart.cpp">
      <Filter>src\GameObject</Filter>
    </ClCompile>
    <ClCompile Include="..\Classes\KillZone.cpp">
      <Filter>src\GameObject</Filter>
    </ClCompile>
    <ClCompile Include="..\Classes\TriggerBox.cpp">
      <Filter>src\GameObject</Filter>
    </ClCompile>
    <ClCompile Include="..\Classes\TargetPoint.cpp">
      <Filter>src\GameObject</Filter>
    </ClCompile>
    <ClCompile Include="..\Classes\TransformInterpolation.cpp">
      <Filter>src</Filter>
    </ClCompile>
    <ClCompile Include="..\Classes\MasterClient.cpp">
      <Filter>src\Network</Filter>
    </ClCompile>
    <ClCompile Include="..\Classes\ChartPanel.cpp">
      <Filter>src</Filter>
    </ClCompile>
    <ClCompile Include="..\Classes\SpriteObject.cpp">
      <Filter>src\GameObject</Filter>
    </ClCompile>
    <ClCompile Include="..\Classes\CrayonBox.cpp">
      <Filter>src\GameObject</Filter>
    </ClCompile>
    <ClCompile Include="..\Classes\StickyBombMode.cpp">
      <Filter>src\GameMode</Filter>
    </ClCompile>
    <ClCompile Include="..\Classes\StickyBomb.cpp">
      <Filter>src\GameObject</Filter>
    </ClCompile>
    <ClCompile Include="..\Classes\MovingPlatform.cpp">
      <Filter>src\GameObject</Filter>
    </ClCompile>
    <ClCompile Include="..\Classes\Rope.cpp">
      <Filter>src\GameObject</Filter>
    </ClCompile>
    <ClCompile Include="..\Classes\GameModeFactory.cpp">
      <Filter>src\GameMode</Filter>
    </ClCompile>
    <ClCompile Include="..\Classes\CrayonPolygon.cpp">
      <Filter>src\GameObject</Filter>
    </ClCompile>
    <ClCompile Include="..\Classes\MapSelectorMenu.cpp">
      <Filter>src\Menu</Filter>
    </ClCompile>
    <ClCompile Include="..\Classes\ScriptManager.cpp">
      <Filter>src\Scripts</Filter>
    </ClCompile>
    <ClCompile Include="..\Classes\Script.cpp">
      <Filter>src\Scripts</Filter>
    </ClCompile>
    <ClCompile Include="..\Classes\ScriptGameMode.cpp">
      <Filter>src\GameMode</Filter>
    </ClCompile>
    <ClCompile Include="..\Classes\Coin.cpp">
      <Filter>src\GameObject</Filter>
    </ClCompile>
    <ClCompile Include="..\Classes\ScoreMenu.cpp">
      <Filter>src\Menu</Filter>
    </ClCompile>
    <ClCompile Include="..\AngelScript\add_on\scriptarray\scriptarray.cpp">
      <Filter>src\Scripts</Filter>
    </ClCompile>
    <ClCompile Include="..\AngelScript\add_on\scriptstdstring\scriptstdstring.cpp">
      <Filter>src\Scripts</Filter>
    </ClCompile>
    <ClCompile Include="..\Classes\DynamicCrayonRenderer.cpp">
      <Filter>src</Filter>
    </ClCompile>
    <ClCompile Include="..\Classes\Scoreboard.cpp">
      <Filter>src\Menu</Filter>
    </ClCompile>
    <ClCompile Include="..\Classes\LobbyMenu.cpp">
      <Filter>src\Menu</Filter>
    </ClCompile>
    <ClCompile Include="..\Classes\Netobject.cpp">
      <Filter>src\Network</Filter>
    </ClCompile>
    <ClCompile Include="..\Classes\Lobby.cpp">
      <Filter>src\Network</Filter>
    </ClCompile>
    <ClCompile Include="..\Classes\Voting.cpp">
      <Filter>src\Menu</Filter>
    </ClCompile>
  </ItemGroup>
  <ItemGroup>
    <ClInclude Include="main.h">
      <Filter>win32</Filter>
    </ClInclude>
    <ClInclude Include="..\Classes\AppDelegate.h">
      <Filter>src</Filter>
    </ClInclude>
    <ClInclude Include="..\Classes\GameSystem.h">
      <Filter>src</Filter>
    </ClInclude>
    <ClInclude Include="..\Classes\Parameters.h">
      <Filter>src</Filter>
    </ClInclude>
    <ClInclude Include="..\Classes\Physics.h">
      <Filter>src</Filter>
    </ClInclude>
    <ClInclude Include="..\Classes\Input.h">
      <Filter>src</Filter>
    </ClInclude>
    <ClInclude Include="..\Classes\LevelScene.h">
      <Filter>src</Filter>
    </ClInclude>
    <ClInclude Include="..\Classes\DebugDrawer.h">
      <Filter>src</Filter>
    </ClInclude>
    <ClInclude Include="..\Classes\NetMessage.h">
      <Filter>src\Network</Filter>
    </ClInclude>
    <ClInclude Include="..\Classes\NetworkManager.h">
      <Filter>src\Network</Filter>
    </ClInclude>
    <ClInclude Include="..\Classes\ServerBrowser.h">
      <Filter>src\Menu</Filter>
    </ClInclude>
    <ClInclude Include="..\Classes\MenuBase.h">
      <Filter>src\Menu</Filter>
    </ClInclude>
    <ClInclude Include="..\Classes\Character.h">
      <Filter>src\GameObject</Filter>
    </ClInclude>
    <ClInclude Include="..\Classes\Collider.h">
      <Filter>src\GameObject</Filter>
    </ClInclude>
    <ClInclude Include="..\Classes\GameObject.h">
      <Filter>src\GameObject</Filter>
    </ClInclude>
    <ClInclude Include="..\Classes\GameObjectFactory.h">
      <Filter>src\GameObject</Filter>
    </ClInclude>
    <ClInclude Include="..\Classes\Player.h">
      <Filter>src\GameObject</Filter>
    </ClInclude>
    <ClInclude Include="..\Classes\SearchLanHost.h">
      <Filter>src\Network</Filter>
    </ClInclude>
    <ClInclude Include="..\Classes\SnapShot.h">
      <Filter>src\Network</Filter>
    </ClInclude>
    <ClInclude Include="..\Classes\Editor.h">
      <Filter>src\Editor</Filter>
    </ClInclude>
    <ClInclude Include="..\Classes\EditorObjects.h">
      <Filter>src\Editor</Filter>
    </ClInclude>
    <ClInclude Include="..\Classes\EditorMenus.h">
      <Filter>src\Editor</Filter>
    </ClInclude>
    <ClInclude Include="..\Classes\StartServerMenu.h">
      <Filter>src\Menu</Filter>
    </ClInclude>
    <ClInclude Include="..\Classes\MainMenu.h">
      <Filter>src\Menu</Filter>
    </ClInclude>
    <ClInclude Include="..\Classes\SnapshotManager.h">
      <Filter>src\Network</Filter>
    </ClInclude>
    <ClInclude Include="..\Classes\VariableDeltaManager.h">
      <Filter>src\Network</Filter>
    </ClInclude>
    <ClInclude Include="..\Classes\CrayonRenderer.h">
      <Filter>src</Filter>
    </ClInclude>
    <ClInclude Include="..\Classes\GameMode.h">
      <Filter>src\GameMode</Filter>
    </ClInclude>
    <ClInclude Include="..\Classes\VolleyMode.h">
      <Filter>src\GameMode</Filter>
    </ClInclude>
    <ClInclude Include="..\Classes\Ball.h">
      <Filter>src\GameObject</Filter>
    </ClInclude>
    <ClInclude Include="..\Classes\NetService.h">
      <Filter>src\Network</Filter>
    </ClInclude>
    <ClInclude Include="..\Classes\PlayerStart.h">
      <Filter>src\GameObject</Filter>
    </ClInclude>
    <ClInclude Include="..\Classes\KillZone.h">
      <Filter>src\GameObject</Filter>
    </ClInclude>
    <ClInclude Include="..\Classes\TriggerBox.h">
      <Filter>src\GameObject</Filter>
    </ClInclude>
    <ClInclude Include="..\Classes\TargetPoint.h">
      <Filter>src\GameObject</Filter>
    </ClInclude>
    <ClInclude Include="..\Classes\TransformInterpolation.h">
      <Filter>src</Filter>
    </ClInclude>
    <ClInclude Include="..\Classes\MasterClient.h">
      <Filter>src\Network</Filter>
    </ClInclude>
    <ClInclude Include="..\Classes\ChartPanel.h">
      <Filter>src</Filter>
    </ClInclude>
    <ClInclude Include="..\Classes\SpriteObject.h">
      <Filter>src\GameObject</Filter>
    </ClInclude>
    <ClInclude Include="..\Classes\CrayonBox.h">
      <Filter>src\GameObject</Filter>
    </ClInclude>
    <ClInclude Include="..\Classes\StickyBombMode.h">
      <Filter>src\GameMode</Filter>
    </ClInclude>
    <ClInclude Include="..\Classes\StickyBomb.h">
      <Filter>src\GameObject</Filter>
    </ClInclude>
    <ClInclude Include="..\Classes\MovingPlatform.h">
      <Filter>src\GameObject</Filter>
    </ClInclude>
    <ClInclude Include="..\Classes\Rope.h">
      <Filter>src\GameObject</Filter>
    </ClInclude>
    <ClInclude Include="..\Classes\GameModeFactory.h">
      <Filter>src\GameMode</Filter>
    </ClInclude>
    <ClInclude Include="..\Classes\CrayonPolygon.h">
      <Filter>src\GameObject</Filter>
    </ClInclude>
    <ClInclude Include="..\Classes\MapSelectorMenu.h">
      <Filter>src\Menu</Filter>
    </ClInclude>
    <ClInclude Include="..\Classes\ScriptManager.h">
      <Filter>src\Scripts</Filter>
    </ClInclude>
    <ClInclude Include="..\Classes\Script.h">
      <Filter>src\Scripts</Filter>
    </ClInclude>
    <ClInclude Include="..\Classes\ScriptGameMode.h">
      <Filter>src\GameMode</Filter>
    </ClInclude>
    <ClInclude Include="..\Classes\Delegate.h">
      <Filter>src</Filter>
    </ClInclude>
    <ClInclude Include="..\Classes\ScriptFunction.h">
      <Filter>src\Scripts</Filter>
    </ClInclude>
    <ClInclude Include="..\Classes\Coin.h">
      <Filter>src\GameObject</Filter>
    </ClInclude>
    <ClInclude Include="..\Classes\ScoreMenu.h">
      <Filter>src\Menu</Filter>
    </ClInclude>
    <ClInclude Include="..\AngelScript\add_on\scriptarray\scriptarray.h">
      <Filter>src\Scripts</Filter>
    </ClInclude>
    <ClInclude Include="..\AngelScript\add_on\scriptstdstring\scriptstdstring.h">
      <Filter>src\Scripts</Filter>
    </ClInclude>
    <ClInclude Include="..\Classes\DynamicCrayonRenderer.h">
      <Filter>src</Filter>
    </ClInclude>
    <ClInclude Include="..\Classes\Scoreboard.h">
      <Filter>src\Menu</Filter>
    </ClInclude>
    <ClInclude Include="..\Classes\LobbyMenu.h">
      <Filter>src\Menu</Filter>
    </ClInclude>
    <ClInclude Include="..\Classes\NetObject.h">
      <Filter>src\Network</Filter>
    </ClInclude>
    <ClInclude Include="..\Classes\Lobby.h">
      <Filter>src\Network</Filter>
    </ClInclude>
    <ClInclude Include="..\Classes\Voting.h">
      <Filter>src\Menu</Filter>
    </ClInclude>
  </ItemGroup>
  <ItemGroup>
    <ResourceCompile Include="game.rc">
      <Filter>resource</Filter>
    </ResourceCompile>
  </ItemGroup>
</Project>